
Microsoft Visual Studio Solution File, Format Version 12.00
# Visual Studio Version 16
VisualStudioVersion = 16.0.30804.86
MinimumVisualStudioVersion = 10.0.40219.1
Project("{FAE04EC0-301F-11D3-BF4B-00C04F79EFBC}") = "ApiInGames", "ApiInGames\ApiInGames.csproj", "{F6DD8AFB-B514-4C19-8764-DA982239D18D}"
EndProject
Global
	GlobalSection(SolutionConfigurationPlatforms) = preSolution
		Debug|Any CPU = Debug|Any CPU
		Release|Any CPU = Release|Any CPU
	EndGlobalSection
	GlobalSection(ProjectConfigurationPlatforms) = postSolution
		{F6DD8AFB-B514-4C19-8764-DA982239D18D}.Debug|Any CPU.ActiveCfg = Debug|Any CPU
		{F6DD8AFB-B514-4C19-8764-DA982239D18D}.Debug|Any CPU.Build.0 = Debug|Any CPU
		{F6DD8AFB-B514-4C19-8764-DA982239D18D}.Release|Any CPU.ActiveCfg = Release|Any CPU
		{F6DD8AFB-B514-4C19-8764-DA982239D18D}.Release|Any CPU.Build.0 = Release|Any CPU
	EndGlobalSection
	GlobalSection(SolutionProperties) = preSolution
		HideSolutionNode = FALSE
	EndGlobalSection
	GlobalSection(ExtensibilityGlobals) = postSolution
		SolutionGuid = {EB63B407-10CF-40E8-88F4-E68C6B0E347E}
	EndGlobalSection
EndGlobal
